// !$*UTF8*$!
{
	archiveVersion = 1;
	classes = {
	};
	objectVersion = 55;
	objects = {

/* Begin PBXBuildFile section */
		2B06631A28D0CC8500AEA25F /* ComicPageViewController.swift in Sources */ = {isa = PBXBuildFile; fileRef = 2B06631928D0CC8500AEA25F /* ComicPageViewController.swift */; };
		2B06631C28D149C500AEA25F /* ComicCollectionViewCell.swift in Sources */ = {isa = PBXBuildFile; fileRef = 2B06631B28D149C500AEA25F /* ComicCollectionViewCell.swift */; };
		2B98027728CF631600DFFC3B /* AppDelegate.swift in Sources */ = {isa = PBXBuildFile; fileRef = 2B98027628CF631600DFFC3B /* AppDelegate.swift */; };
		2B98027928CF631600DFFC3B /* SceneDelegate.swift in Sources */ = {isa = PBXBuildFile; fileRef = 2B98027828CF631600DFFC3B /* SceneDelegate.swift */; };
		2B98027E28CF631600DFFC3B /* Main.storyboard in Resources */ = {isa = PBXBuildFile; fileRef = 2B98027C28CF631600DFFC3B /* Main.storyboard */; };
		2B98028028CF631B00DFFC3B /* Assets.xcassets in Resources */ = {isa = PBXBuildFile; fileRef = 2B98027F28CF631B00DFFC3B /* Assets.xcassets */; };
		2B98028328CF631B00DFFC3B /* LaunchScreen.storyboard in Resources */ = {isa = PBXBuildFile; fileRef = 2B98028128CF631B00DFFC3B /* LaunchScreen.storyboard */; };
		2B98028E28CF631C00DFFC3B /* pageControl_CollectionViewCellTests.swift in Sources */ = {isa = PBXBuildFile; fileRef = 2B98028D28CF631C00DFFC3B /* pageControl_CollectionViewCellTests.swift */; };
		2B98029828CF631C00DFFC3B /* pageControl_CollectionViewCellUITests.swift in Sources */ = {isa = PBXBuildFile; fileRef = 2B98029728CF631C00DFFC3B /* pageControl_CollectionViewCellUITests.swift */; };
		2B98029A28CF631C00DFFC3B /* pageControl_CollectionViewCellUITestsLaunchTests.swift in Sources */ = {isa = PBXBuildFile; fileRef = 2B98029928CF631C00DFFC3B /* pageControl_CollectionViewCellUITestsLaunchTests.swift */; };
		2B9802A728CF6F2A00DFFC3B /* ComicViewController.swift in Sources */ = {isa = PBXBuildFile; fileRef = 2B9802A628CF6F2A00DFFC3B /* ComicViewController.swift */; };
		2B9802AB28CF721100DFFC3B /* Comic.swift in Sources */ = {isa = PBXBuildFile; fileRef = 2B9802AA28CF721100DFFC3B /* Comic.swift */; };
/* End PBXBuildFile section */

/* Begin PBXContainerItemProxy section */
		2B98028A28CF631C00DFFC3B /* PBXContainerItemProxy */ = {
			isa = PBXContainerItemProxy;
			containerPortal = 2B98026B28CF631600DFFC3B /* Project object */;
			proxyType = 1;
			remoteGlobalIDString = 2B98027228CF631600DFFC3B;
			remoteInfo = "pageControl&CollectionViewCell";
		};
		2B98029428CF631C00DFFC3B /* PBXContainerItemProxy */ = {
			isa = PBXContainerItemProxy;
			containerPortal = 2B98026B28CF631600DFFC3B /* Project object */;
			proxyType = 1;
			remoteGlobalIDString = 2B98027228CF631600DFFC3B;
			remoteInfo = "pageControl&CollectionViewCell";
		};
/* End PBXContainerItemProxy section */

/* Begin PBXFileReference section */
		2B06631928D0CC8500AEA25F /* ComicPageViewController.swift */ = {isa = PBXFileReference; lastKnownFileType = sourcecode.swift; path = ComicPageViewController.swift; sourceTree = "<group>"; };
		2B06631B28D149C500AEA25F /* ComicCollectionViewCell.swift */ = {isa = PBXFileReference; lastKnownFileType = sourcecode.swift; path = ComicCollectionViewCell.swift; sourceTree = "<group>"; };
		2B98027328CF631600DFFC3B /* pageControl&CollectionViewCell.app */ = {isa = PBXFileReference; explicitFileType = wrapper.application; includeInIndex = 0; path = "pageControl&CollectionViewCell.app"; sourceTree = BUILT_PRODUCTS_DIR; };
		2B98027628CF631600DFFC3B /* AppDelegate.swift */ = {isa = PBXFileReference; lastKnownFileType = sourcecode.swift; path = AppDelegate.swift; sourceTree = "<group>"; };
		2B98027828CF631600DFFC3B /* SceneDelegate.swift */ = {isa = PBXFileReference; lastKnownFileType = sourcecode.swift; path = SceneDelegate.swift; sourceTree = "<group>"; };
		2B98027D28CF631600DFFC3B /* Base */ = {isa = PBXFileReference; lastKnownFileType = file.storyboard; name = Base; path = Base.lproj/Main.storyboard; sourceTree = "<group>"; };
		2B98027F28CF631B00DFFC3B /* Assets.xcassets */ = {isa = PBXFileReference; lastKnownFileType = folder.assetcatalog; path = Assets.xcassets; sourceTree = "<group>"; };
		2B98028228CF631B00DFFC3B /* Base */ = {isa = PBXFileReference; lastKnownFileType = file.storyboard; name = Base; path = Base.lproj/LaunchScreen.storyboard; sourceTree = "<group>"; };
		2B98028428CF631B00DFFC3B /* Info.plist */ = {isa = PBXFileReference; lastKnownFileType = text.plist.xml; path = Info.plist; sourceTree = "<group>"; };
		2B98028928CF631C00DFFC3B /* pageControl&CollectionViewCellTests.xctest */ = {isa = PBXFileReference; explicitFileType = wrapper.cfbundle; includeInIndex = 0; path = "pageControl&CollectionViewCellTests.xctest"; sourceTree = BUILT_PRODUCTS_DIR; };
		2B98028D28CF631C00DFFC3B /* pageControl_CollectionViewCellTests.swift */ = {isa = PBXFileReference; lastKnownFileType = sourcecode.swift; path = pageControl_CollectionViewCellTests.swift; sourceTree = "<group>"; };
		2B98029328CF631C00DFFC3B /* pageControl&CollectionViewCellUITests.xctest */ = {isa = PBXFileReference; explicitFileType = wrapper.cfbundle; includeInIndex = 0; path = "pageControl&CollectionViewCellUITests.xctest"; sourceTree = BUILT_PRODUCTS_DIR; };
		2B98029728CF631C00DFFC3B /* pageControl_CollectionViewCellUITests.swift */ = {isa = PBXFileReference; lastKnownFileType = sourcecode.swift; path = pageControl_CollectionViewCellUITests.swift; sourceTree = "<group>"; };
		2B98029928CF631C00DFFC3B /* pageControl_CollectionViewCellUITestsLaunchTests.swift */ = {isa = PBXFileReference; lastKnownFileType = sourcecode.swift; path = pageControl_CollectionViewCellUITestsLaunchTests.swift; sourceTree = "<group>"; };
		2B9802A628CF6F2A00DFFC3B /* ComicViewController.swift */ = {isa = PBXFileReference; lastKnownFileType = sourcecode.swift; path = ComicViewController.swift; sourceTree = "<group>"; };
		2B9802AA28CF721100DFFC3B /* Comic.swift */ = {isa = PBXFileReference; lastKnownFileType = sourcecode.swift; path = Comic.swift; sourceTree = "<group>"; };
/* End PBXFileReference section */

/* Begin PBXFrameworksBuildPhase section */
		2B98027028CF631600DFFC3B /* Frameworks */ = {
			isa = PBXFrameworksBuildPhase;
			buildActionMask = 2147483647;
			files = (
			);
			runOnlyForDeploymentPostprocessing = 0;
		};
		2B98028628CF631C00DFFC3B /* Frameworks */ = {
			isa = PBXFrameworksBuildPhase;
			buildActionMask = 2147483647;
			files = (
			);
			runOnlyForDeploymentPostprocessing = 0;
		};
		2B98029028CF631C00DFFC3B /* Frameworks */ = {
			isa = PBXFrameworksBuildPhase;
			buildActionMask = 2147483647;
			files = (
			);
			runOnlyForDeploymentPostprocessing = 0;
		};
/* End PBXFrameworksBuildPhase section */

/* Begin PBXGroup section */
		2B98026A28CF631600DFFC3B = {
			isa = PBXGroup;
			children = (
				2B98027528CF631600DFFC3B /* pageControl&CollectionViewCell */,
				2B98028C28CF631C00DFFC3B /* pageControl&CollectionViewCellTests */,
				2B98029628CF631C00DFFC3B /* pageControl&CollectionViewCellUITests */,
				2B98027428CF631600DFFC3B /* Products */,
			);
			sourceTree = "<group>";
		};
		2B98027428CF631600DFFC3B /* Products */ = {
			isa = PBXGroup;
			children = (
				2B98027328CF631600DFFC3B /* pageControl&CollectionViewCell.app */,
				2B98028928CF631C00DFFC3B /* pageControl&CollectionViewCellTests.xctest */,
				2B98029328CF631C00DFFC3B /* pageControl&CollectionViewCellUITests.xctest */,
			);
			name = Products;
			sourceTree = "<group>";
		};
		2B98027528CF631600DFFC3B /* pageControl&CollectionViewCell */ = {
			isa = PBXGroup;
			children = (
				2B98027628CF631600DFFC3B /* AppDelegate.swift */,
				2B98027828CF631600DFFC3B /* SceneDelegate.swift */,
				2B9802AA28CF721100DFFC3B /* Comic.swift */,
				2B06631928D0CC8500AEA25F /* ComicPageViewController.swift */,
				2B06631B28D149C500AEA25F /* ComicCollectionViewCell.swift */,
				2B98027C28CF631600DFFC3B /* Main.storyboard */,
				2B9802A628CF6F2A00DFFC3B /* ComicViewController.swift */,
				2B98027F28CF631B00DFFC3B /* Assets.xcassets */,
				2B98028128CF631B00DFFC3B /* LaunchScreen.storyboard */,
				2B98028428CF631B00DFFC3B /* Info.plist */,
			);
			path = "pageControl&CollectionViewCell";
			sourceTree = "<group>";
		};
		2B98028C28CF631C00DFFC3B /* pageControl&CollectionViewCellTests */ = {
			isa = PBXGroup;
			children = (
				2B98028D28CF631C00DFFC3B /* pageControl_CollectionViewCellTests.swift */,
			);
			path = "pageControl&CollectionViewCellTests";
			sourceTree = "<group>";
		};
		2B98029628CF631C00DFFC3B /* pageControl&CollectionViewCellUITests */ = {
			isa = PBXGroup;
			children = (
				2B98029728CF631C00DFFC3B /* pageControl_CollectionViewCellUITests.swift */,
				2B98029928CF631C00DFFC3B /* pageControl_CollectionViewCellUITestsLaunchTests.swift */,
			);
			path = "pageControl&CollectionViewCellUITests";
			sourceTree = "<group>";
		};
/* End PBXGroup section */

/* Begin PBXNativeTarget section */
		2B98027228CF631600DFFC3B /* pageControl&CollectionViewCell */ = {
			isa = PBXNativeTarget;
			buildConfigurationList = 2B98029D28CF631C00DFFC3B /* Build configuration list for PBXNativeTarget "pageControl&CollectionViewCell" */;
			buildPhases = (
				2B98026F28CF631600DFFC3B /* Sources */,
				2B98027028CF631600DFFC3B /* Frameworks */,
				2B98027128CF631600DFFC3B /* Resources */,
			);
			buildRules = (
			);
			dependencies = (
			);
			name = "pageControl&CollectionViewCell";
			productName = "pageControl&CollectionViewCell";
			productReference = 2B98027328CF631600DFFC3B /* pageControl&CollectionViewCell.app */;
			productType = "com.apple.product-type.application";
		};
		2B98028828CF631C00DFFC3B /* pageControl&CollectionViewCellTests */ = {
			isa = PBXNativeTarget;
			buildConfigurationList = 2B9802A028CF631C00DFFC3B /* Build configuration list for PBXNativeTarget "pageControl&CollectionViewCellTests" */;
			buildPhases = (
				2B98028528CF631C00DFFC3B /* Sources */,
				2B98028628CF631C00DFFC3B /* Frameworks */,
				2B98028728CF631C00DFFC3B /* Resources */,
			);
			buildRules = (
			);
			dependencies = (
				2B98028B28CF631C00DFFC3B /* PBXTargetDependency */,
			);
			name = "pageControl&CollectionViewCellTests";
			productName = "pageControl&CollectionViewCellTests";
			productReference = 2B98028928CF631C00DFFC3B /* pageControl&CollectionViewCellTests.xctest */;
			productType = "com.apple.product-type.bundle.unit-test";
		};
		2B98029228CF631C00DFFC3B /* pageControl&CollectionViewCellUITests */ = {
			isa = PBXNativeTarget;
			buildConfigurationList = 2B9802A328CF631C00DFFC3B /* Build configuration list for PBXNativeTarget "pageControl&CollectionViewCellUITests" */;
			buildPhases = (
				2B98028F28CF631C00DFFC3B /* Sources */,
				2B98029028CF631C00DFFC3B /* Frameworks */,
				2B98029128CF631C00DFFC3B /* Resources */,
			);
			buildRules = (
			);
			dependencies = (
				2B98029528CF631C00DFFC3B /* PBXTargetDependency */,
			);
			name = "pageControl&CollectionViewCellUITests";
			productName = "pageControl&CollectionViewCellUITests";
			productReference = 2B98029328CF631C00DFFC3B /* pageControl&CollectionViewCellUITests.xctest */;
			productType = "com.apple.product-type.bundle.ui-testing";
		};
/* End PBXNativeTarget section */

/* Begin PBXProject section */
		2B98026B28CF631600DFFC3B /* Project object */ = {
			isa = PBXProject;
			attributes = {
				BuildIndependentTargetsInParallel = 1;
				LastSwiftUpdateCheck = 1340;
				LastUpgradeCheck = 1340;
				TargetAttributes = {
					2B98027228CF631600DFFC3B = {
						CreatedOnToolsVersion = 13.4.1;
					};
					2B98028828CF631C00DFFC3B = {
						CreatedOnToolsVersion = 13.4.1;
						TestTargetID = 2B98027228CF631600DFFC3B;
					};
					2B98029228CF631C00DFFC3B = {
						CreatedOnToolsVersion = 13.4.1;
						TestTargetID = 2B98027228CF631600DFFC3B;
					};
				};
			};
			buildConfigurationList = 2B98026E28CF631600DFFC3B /* Build configuration list for PBXProject "pageControl&CollectionViewCell" */;
			compatibilityVersion = "Xcode 13.0";
			developmentRegion = en;
			hasScannedForEncodings = 0;
			knownRegions = (
				en,
				Base,
			);
			mainGroup = 2B98026A28CF631600DFFC3B;
			productRefGroup = 2B98027428CF631600DFFC3B /* Products */;
			projectDirPath = "";
			projectRoot = "";
			targets = (
				2B98027228CF631600DFFC3B /* pageControl&CollectionViewCell */,
				2B98028828CF631C00DFFC3B /* pageControl&CollectionViewCellTests */,
				2B98029228CF631C00DFFC3B /* pageControl&CollectionViewCellUITests */,
			);
		};
/* End PBXProject section */

/* Begin PBXResourcesBuildPhase section */
		2B98027128CF631600DFFC3B /* Resources */ = {
			isa = PBXResourcesBuildPhase;
			buildActionMask = 2147483647;
			files = (
				2B98028328CF631B00DFFC3B /* LaunchScreen.storyboard in Resources */,
				2B98028028CF631B00DFFC3B /* Assets.xcassets in Resources */,
				2B98027E28CF631600DFFC3B /* Main.storyboard in Resources */,
			);
			runOnlyForDeploymentPostprocessing = 0;
		};
		2B98028728CF631C00DFFC3B /* Resources */ = {
			isa = PBXResourcesBuildPhase;
			buildActionMask = 2147483647;
			files = (
			);
			runOnlyForDeploymentPostprocessing = 0;
		};
		2B98029128CF631C00DFFC3B /* Resources */ = {
			isa = PBXResourcesBuildPhase;
			buildActionMask = 2147483647;
			files = (
			);
			runOnlyForDeploymentPostprocessing = 0;
		};
/* End PBXResourcesBuildPhase section */

/* Begin PBXSourcesBuildPhase section */
		2B98026F28CF631600DFFC3B /* Sources */ = {
			isa = PBXSourcesBuildPhase;
			buildActionMask = 2147483647;
			files = (
				2B98027728CF631600DFFC3B /* AppDelegate.swift in Sources */,
				2B98027928CF631600DFFC3B /* SceneDelegate.swift in Sources */,
				2B06631C28D149C500AEA25F /* ComicCollectionViewCell.swift in Sources */,
				2B9802AB28CF721100DFFC3B /* Comic.swift in Sources */,
				2B9802A728CF6F2A00DFFC3B /* ComicViewController.swift in Sources */,
				2B06631A28D0CC8500AEA25F /* ComicPageViewController.swift in Sources */,
			);
			runOnlyForDeploymentPostprocessing = 0;
		};
		2B98028528CF631C00DFFC3B /* Sources */ = {
			isa = PBXSourcesBuildPhase;
			buildActionMask = 2147483647;
			files = (
				2B98028E28CF631C00DFFC3B /* pageControl_CollectionViewCellTests.swift in Sources */,
			);
			runOnlyForDeploymentPostprocessing = 0;
		};
		2B98028F28CF631C00DFFC3B /* Sources */ = {
			isa = PBXSourcesBuildPhase;
			buildActionMask = 2147483647;
			files = (
				2B98029A28CF631C00DFFC3B /* pageControl_CollectionViewCellUITestsLaunchTests.swift in Sources */,
				2B98029828CF631C00DFFC3B /* pageControl_CollectionViewCellUITests.swift in Sources */,
			);
			runOnlyForDeploymentPostprocessing = 0;
		};
/* End PBXSourcesBuildPhase section */

/* Begin PBXTargetDependency section */
		2B98028B28CF631C00DFFC3B /* PBXTargetDependency */ = {
			isa = PBXTargetDependency;
			target = 2B98027228CF631600DFFC3B /* pageControl&CollectionViewCell */;
			targetProxy = 2B98028A28CF631C00DFFC3B /* PBXContainerItemProxy */;
		};
		2B98029528CF631C00DFFC3B /* PBXTargetDependency */ = {
			isa = PBXTargetDependency;
			target = 2B98027228CF631600DFFC3B /* pageControl&CollectionViewCell */;
			targetProxy = 2B98029428CF631C00DFFC3B /* PBXContainerItemProxy */;
		};
/* End PBXTargetDependency section */

/* Begin PBXVariantGroup section */
		2B98027C28CF631600DFFC3B /* Main.storyboard */ = {
			isa = PBXVariantGroup;
			children = (
				2B98027D28CF631600DFFC3B /* Base */,
			);
			name = Main.storyboard;
			sourceTree = "<group>";
		};
		2B98028128CF631B00DFFC3B /* LaunchScreen.storyboard */ = {
			isa = PBXVariantGroup;
			children = (
				2B98028228CF631B00DFFC3B /* Base */,
			);
			name = LaunchScreen.storyboard;
			sourceTree = "<group>";
		};
/* End PBXVariantGroup section */

/* Begin XCBuildConfiguration section */
		2B98029B28CF631C00DFFC3B /* Debug */ = {
			isa = XCBuildConfiguration;
			buildSettings = {
				ALWAYS_SEARCH_USER_PATHS = NO;
				CLANG_ANALYZER_NONNULL = YES;
				CLANG_ANALYZER_NUMBER_OBJECT_CONVERSION = YES_AGGRESSIVE;
				CLANG_CXX_LANGUAGE_STANDARD = "gnu++17";
				CLANG_ENABLE_MODULES = YES;
				CLANG_ENABLE_OBJC_ARC = YES;
				CLANG_ENABLE_OBJC_WEAK = YES;
				CLANG_WARN_BLOCK_CAPTURE_AUTORELEASING = YES;
				CLANG_WARN_BOOL_CONVERSION = YES;
				CLANG_WARN_COMMA = YES;
				CLANG_WARN_CONSTANT_CONVERSION = YES;
				CLANG_WARN_DEPRECATED_OBJC_IMPLEMENTATIONS = YES;
				CLANG_WARN_DIRECT_OBJC_ISA_USAGE = YES_ERROR;
				CLANG_WARN_DOCUMENTATION_COMMENTS = YES;
				CLANG_WARN_EMPTY_BODY = YES;
				CLANG_WARN_ENUM_CONVERSION = YES;
				CLANG_WARN_INFINITE_RECURSION = YES;
				CLANG_WARN_INT_CONVERSION = YES;
				CLANG_WARN_NON_LITERAL_NULL_CONVERSION = YES;
				CLANG_WARN_OBJC_IMPLICIT_RETAIN_SELF = YES;
				CLANG_WARN_OBJC_LITERAL_CONVERSION = YES;
				CLANG_WARN_OBJC_ROOT_CLASS = YES_ERROR;
				CLANG_WARN_QUOTED_INCLUDE_IN_FRAMEWORK_HEADER = YES;
				CLANG_WARN_RANGE_LOOP_ANALYSIS = YES;
				CLANG_WARN_STRICT_PROTOTYPES = YES;
				CLANG_WARN_SUSPICIOUS_MOVE = YES;
				CLANG_WARN_UNGUARDED_AVAILABILITY = YES_AGGRESSIVE;
				CLANG_WARN_UNREACHABLE_CODE = YES;
				CLANG_WARN__DUPLICATE_METHOD_MATCH = YES;
				COPY_PHASE_STRIP = NO;
				DEBUG_INFORMATION_FORMAT = dwarf;
				ENABLE_STRICT_OBJC_MSGSEND = YES;
				ENABLE_TESTABILITY = YES;
				GCC_C_LANGUAGE_STANDARD = gnu11;
				GCC_DYNAMIC_NO_PIC = NO;
				GCC_NO_COMMON_BLOCKS = YES;
				GCC_OPTIMIZATION_LEVEL = 0;
				GCC_PREPROCESSOR_DEFINITIONS = (
					"DEBUG=1",
					"$(inherited)",
				);
				GCC_WARN_64_TO_32_BIT_CONVERSION = YES;
				GCC_WARN_ABOUT_RETURN_TYPE = YES_ERROR;
				GCC_WARN_UNDECLARED_SELECTOR = YES;
				GCC_WARN_UNINITIALIZED_AUTOS = YES_AGGRESSIVE;
				GCC_WARN_UNUSED_FUNCTION = YES;
				GCC_WARN_UNUSED_VARIABLE = YES;
				IPHONEOS_DEPLOYMENT_TARGET = 15.5;
				MTL_ENABLE_DEBUG_INFO = INCLUDE_SOURCE;
				MTL_FAST_MATH = YES;
				ONLY_ACTIVE_ARCH = YES;
				SDKROOT = iphoneos;
				SWIFT_ACTIVE_COMPILATION_CONDITIONS = DEBUG;
				SWIFT_OPTIMIZATION_LEVEL = "-Onone";
			};
			name = Debug;
		};
		2B98029C28CF631C00DFFC3B /* Release */ = {
			isa = XCBuildConfiguration;
			buildSettings = {
				ALWAYS_SEARCH_USER_PATHS = NO;
				CLANG_ANALYZER_NONNULL = YES;
				CLANG_ANALYZER_NUMBER_OBJECT_CONVERSION = YES_AGGRESSIVE;
				CLANG_CXX_LANGUAGE_STANDARD = "gnu++17";
				CLANG_ENABLE_MODULES = YES;
				CLANG_ENABLE_OBJC_ARC = YES;
				CLANG_ENABLE_OBJC_WEAK = YES;
				CLANG_WARN_BLOCK_CAPTURE_AUTORELEASING = YES;
				CLANG_WARN_BOOL_CONVERSION = YES;
				CLANG_WARN_COMMA = YES;
				CLANG_WARN_CONSTANT_CONVERSION = YES;
				CLANG_WARN_DEPRECATED_OBJC_IMPLEMENTATIONS = YES;
				CLANG_WARN_DIRECT_OBJC_ISA_USAGE = YES_ERROR;
				CLANG_WARN_DOCUMENTATION_COMMENTS = YES;
				CLANG_WARN_EMPTY_BODY = YES;
				CLANG_WARN_ENUM_CONVERSION = YES;
				CLANG_WARN_INFINITE_RECURSION = YES;
				CLANG_WARN_INT_CONVERSION = YES;
				CLANG_WARN_NON_LITERAL_NULL_CONVERSION = YES;
				CLANG_WARN_OBJC_IMPLICIT_RETAIN_SELF = YES;
				CLANG_WARN_OBJC_LITERAL_CONVERSION = YES;
				CLANG_WARN_OBJC_ROOT_CLASS = YES_ERROR;
				CLANG_WARN_QUOTED_INCLUDE_IN_FRAMEWORK_HEADER = YES;
				CLANG_WARN_RANGE_LOOP_ANALYSIS = YES;
				CLANG_WARN_STRICT_PROTOTYPES = YES;
				CLANG_WARN_SUSPICIOUS_MOVE = YES;
				CLANG_WARN_UNGUARDED_AVAILABILITY = YES_AGGRESSIVE;
				CLANG_WARN_UNREACHABLE_CODE = YES;
				CLANG_WARN__DUPLICATE_METHOD_MATCH = YES;
				COPY_PHASE_STRIP = NO;
				DEBUG_INFORMATION_FORMAT = "dwarf-with-dsym";
				ENABLE_NS_ASSERTIONS = NO;
				ENABLE_STRICT_OBJC_MSGSEND = YES;
				GCC_C_LANGUAGE_STANDARD = gnu11;
				GCC_NO_COMMON_BLOCKS = YES;
				GCC_WARN_64_TO_32_BIT_CONVERSION = YES;
				GCC_WARN_ABOUT_RETURN_TYPE = YES_ERROR;
				GCC_WARN_UNDECLARED_SELECTOR = YES;
				GCC_WARN_UNINITIALIZED_AUTOS = YES_AGGRESSIVE;
				GCC_WARN_UNUSED_FUNCTION = YES;
				GCC_WARN_UNUSED_VARIABLE = YES;
				IPHONEOS_DEPLOYMENT_TARGET = 15.5;
				MTL_ENABLE_DEBUG_INFO = NO;
				MTL_FAST_MATH = YES;
				SDKROOT = iphoneos;
				SWIFT_COMPILATION_MODE = wholemodule;
				SWIFT_OPTIMIZATION_LEVEL = "-O";
				VALIDATE_PRODUCT = YES;
			};
			name = Release;
		};
		2B98029E28CF631C00DFFC3B /* Debug */ = {
			isa = XCBuildConfiguration;
			buildSettings = {
				ASSETCATALOG_COMPILER_APPICON_NAME = AppIcon;
				ASSETCATALOG_COMPILER_GLOBAL_ACCENT_COLOR_NAME = AccentColor;
				CODE_SIGN_STYLE = Automatic;
				CURRENT_PROJECT_VERSION = 1;
				GENERATE_INFOPLIST_FILE = YES;
				INFOPLIST_FILE = "pageControl&CollectionViewCell/Info.plist";
				INFOPLIST_KEY_UIApplicationSupportsIndirectInputEvents = YES;
				INFOPLIST_KEY_UILaunchStoryboardName = LaunchScreen;
				INFOPLIST_KEY_UIMainStoryboardFile = Main;
				INFOPLIST_KEY_UISupportedInterfaceOrientations_iPad = "UIInterfaceOrientationPortrait UIInterfaceOrientationPortraitUpsideDown UIInterfaceOrientationLandscapeLeft UIInterfaceOrientationLandscapeRight";
				INFOPLIST_KEY_UISupportedInterfaceOrientations_iPhone = "UIInterfaceOrientationPortrait UIInterfaceOrientationLandscapeLeft UIInterfaceOrientationLandscapeRight";
				LD_RUNPATH_SEARCH_PATHS = (
					"$(inherited)",
					"@executable_path/Frameworks",
				);
				MARKETING_VERSION = 1.0;
				PRODUCT_BUNDLE_IDENTIFIER = "com.jru-studio.pageControl-CollectionViewCell";
				PRODUCT_NAME = "$(TARGET_NAME)";
				SWIFT_EMIT_LOC_STRINGS = YES;
				SWIFT_VERSION = 5.0;
				TARGETED_DEVICE_FAMILY = "1,2";
			};
			name = Debug;
		};
		2B98029F28CF631C00DFFC3B /* Release */ = {
			isa = XCBuildConfiguration;
			buildSettings = {
				ASSETCATALOG_COMPILER_APPICON_NAME = AppIcon;
				ASSETCATALOG_COMPILER_GLOBAL_ACCENT_COLOR_NAME = AccentColor;
				CODE_SIGN_STYLE = Automatic;
				CURRENT_PROJECT_VERSION = 1;
				GENERATE_INFOPLIST_FILE = YES;
				INFOPLIST_FILE = "pageControl&CollectionViewCell/Info.plist";
				INFOPLIST_KEY_UIApplicationSupportsIndirectInputEvents = YES;
				INFOPLIST_KEY_UILaunchStoryboardName = LaunchScreen;
				INFOPLIST_KEY_UIMainStoryboardFile = Main;
				INFOPLIST_KEY_UISupportedInterfaceOrientations_iPad = "UIInterfaceOrientationPortrait UIInterfaceOrientationPortraitUpsideDown UIInterfaceOrientationLandscapeLeft UIInterfaceOrientationLandscapeRight";
				INFOPLIST_KEY_UISupportedInterfaceOrientations_iPhone = "UIInterfaceOrientationPortrait UIInterfaceOrientationLandscapeLeft UIInterfaceOrientationLandscapeRight";
				LD_RUNPATH_SEARCH_PATHS = (
					"$(inherited)",
					"@executable_path/Frameworks",
				);
				MARKETING_VERSION = 1.0;
				PRODUCT_BUNDLE_IDENTIFIER = "com.jru-studio.pageControl-CollectionViewCell";
				PRODUCT_NAME = "$(TARGET_NAME)";
				SWIFT_EMIT_LOC_STRINGS = YES;
				SWIFT_VERSION = 5.0;
				TARGETED_DEVICE_FAMILY = "1,2";
			};
			name = Release;
		};
		2B9802A128CF631C00DFFC3B /* Debug */ = {
			isa = XCBuildConfiguration;
			buildSettings = {
				ALWAYS_EMBED_SWIFT_STANDARD_LIBRARIES = YES;
				BUNDLE_LOADER = "$(TEST_HOST)";
				CODE_SIGN_STYLE = Automatic;
				CURRENT_PROJECT_VERSION = 1;
				GENERATE_INFOPLIST_FILE = YES;
				IPHONEOS_DEPLOYMENT_TARGET = 15.5;
				MARKETING_VERSION = 1.0;
				PRODUCT_BUNDLE_IDENTIFIER = "com.jru-studio.pageControl-CollectionViewCellTests";
				PRODUCT_NAME = "$(TARGET_NAME)";
				SWIFT_EMIT_LOC_STRINGS = NO;
				SWIFT_VERSION = 5.0;
				TARGETED_DEVICE_FAMILY = "1,2";
				TEST_HOST = "$(BUILT_PRODUCTS_DIR)/pageControl&CollectionViewCell.app/pageControl&CollectionViewCell";
			};
			name = Debug;
		};
		2B9802A228CF631C00DFFC3B /* Release */ = {
			isa = XCBuildConfiguration;
			buildSettings = {
				ALWAYS_EMBED_SWIFT_STANDARD_LIBRARIES = YES;
				BUNDLE_LOADER = "$(TEST_HOST)";
				CODE_SIGN_STYLE = Automatic;
				CURRENT_PROJECT_VERSION = 1;
				GENERATE_INFOPLIST_FILE = YES;
				IPHONEOS_DEPLOYMENT_TARGET = 15.5;
				MARKETING_VERSION = 1.0;
				PRODUCT_BUNDLE_IDENTIFIER = "com.jru-studio.pageControl-CollectionViewCellTests";
				PRODUCT_NAME = "$(TARGET_NAME)";
				SWIFT_EMIT_LOC_STRINGS = NO;
				SWIFT_VERSION = 5.0;
				TARGETED_DEVICE_FAMILY = "1,2";
				TEST_HOST = "$(BUILT_PRODUCTS_DIR)/pageControl&CollectionViewCell.app/pageControl&CollectionViewCell";
			};
			name = Release;
		};
		2B9802A428CF631C00DFFC3B /* Debug */ = {
			isa = XCBuildConfiguration;
			buildSettings = {
				ALWAYS_EMBED_SWIFT_STANDARD_LIBRARIES = YES;
				CODE_SIGN_STYLE = Automatic;
				CURRENT_PROJECT_VERSION = 1;
				GENERATE_INFOPLIST_FILE = YES;
				MARKETING_VERSION = 1.0;
				PRODUCT_BUNDLE_IDENTIFIER = "com.jru-studio.pageControl-CollectionViewCellUITests";
				PRODUCT_NAME = "$(TARGET_NAME)";
				SWIFT_EMIT_LOC_STRINGS = NO;
				SWIFT_VERSION = 5.0;
				TARGETED_DEVICE_FAMILY = "1,2";
				TEST_TARGET_NAME = "pageControl&CollectionViewCell";
			};
			name = Debug;
		};
		2B9802A528CF631C00DFFC3B /* Release */ = {
			isa = XCBuildConfiguration;
			buildSettings = {
				ALWAYS_EMBED_SWIFT_STANDARD_LIBRARIES = YES;
				CODE_SIGN_STYLE = Automatic;
				CURRENT_PROJECT_VERSION = 1;
				GENERATE_INFOPLIST_FILE = YES;
				MARKETING_VERSION = 1.0;
				PRODUCT_BUNDLE_IDENTIFIER = "com.jru-studio.pageControl-CollectionViewCellUITests";
				PRODUCT_NAME = "$(TARGET_NAME)";
				SWIFT_EMIT_LOC_STRINGS = NO;
				SWIFT_VERSION = 5.0;
				TARGETED_DEVICE_FAMILY = "1,2";
				TEST_TARGET_NAME = "pageControl&CollectionViewCell";
			};
			name = Release;
		};
/* End XCBuildConfiguration section */

/* Begin XCConfigurationList section */
		2B98026E28CF631600DFFC3B /* Build configuration list for PBXProject "pageControl&CollectionViewCell" */ = {
			isa = XCConfigurationList;
			buildConfigurations = (
				2B98029B28CF631C00DFFC3B /* Debug */,
				2B98029C28CF631C00DFFC3B /* Release */,
			);
			defaultConfigurationIsVisible = 0;
			defaultConfigurationName = Release;
		};
		2B98029D28CF631C00DFFC3B /* Build configuration list for PBXNativeTarget "pageControl&CollectionViewCell" */ = {
			isa = XCConfigurationList;
			buildConfigurations = (
				2B98029E28CF631C00DFFC3B /* Debug */,
				2B98029F28CF631C00DFFC3B /* Release */,
			);
			defaultConfigurationIsVisible = 0;
			defaultConfigurationName = Release;
		};
		2B9802A028CF631C00DFFC3B /* Build configuration list for PBXNativeTarget "pageControl&CollectionViewCellTests" */ = {
			isa = XCConfigurationList;
			buildConfigurations = (
				2B9802A128CF631C00DFFC3B /* Debug */,
				2B9802A228CF631C00DFFC3B /* Release */,
			);
			defaultConfigurationIsVisible = 0;
			defaultConfigurationName = Release;
		};
		2B9802A328CF631C00DFFC3B /* Build configuration list for PBXNativeTarget "pageControl&CollectionViewCellUITests" */ = {
			isa = XCConfigurationList;
			buildConfigurations = (
				2B9802A428CF631C00DFFC3B /* Debug */,
				2B9802A528CF631C00DFFC3B /* Release */,
			);
			defaultConfigurationIsVisible = 0;
			defaultConfigurationName = Release;
		};
/* End XCConfigurationList section */
	};
	rootObject = 2B98026B28CF631600DFFC3B /* Project object */;
}
